// !$*UTF8*$!
{
	archiveVersion = 1;
	classes = {
	};
	objectVersion = 50;
	objects = {

/* Begin PBXBuildFile section */
		5A93DD3343D8201C3DF38DC5 /* libPods-MentorMeTests.a in Frameworks */ = {isa = PBXBuildFile; fileRef = E4893F7FB4B7966D94418CB2 /* libPods-MentorMeTests.a */; };
		9FC714FCF36D31653200DA99 /* libPods-MentorMeUITests.a in Frameworks */ = {isa = PBXBuildFile; fileRef = 63F95249E25064190E804E60 /* libPods-MentorMeUITests.a */; };
		A8011C7E21013F610028E604 /* DiscoverTableViewController.m in Sources */ = {isa = PBXBuildFile; fileRef = A8011C7D21013F610028E604 /* DiscoverTableViewController.m */; };
		A8011C812101408C0028E604 /* FilterViewController.m in Sources */ = {isa = PBXBuildFile; fileRef = A8011C802101408C0028E604 /* FilterViewController.m */; };
		A8011C832101415C0028E604 /* Filters.storyboard in Resources */ = {isa = PBXBuildFile; fileRef = A8011C822101415C0028E604 /* Filters.storyboard */; };
		A8011C85210141910028E604 /* DiscoverTableViewStoryboard.storyboard in Resources */ = {isa = PBXBuildFile; fileRef = A8011C84210141910028E604 /* DiscoverTableViewStoryboard.storyboard */; };
		A8011C87210167040028E604 /* CreateAppointment.storyboard in Resources */ = {isa = PBXBuildFile; fileRef = A8011C86210167040028E604 /* CreateAppointment.storyboard */; };
		A8011C8A2101691B0028E604 /* CreateAppointmentViewController.m in Sources */ = {isa = PBXBuildFile; fileRef = A8011C892101691B0028E604 /* CreateAppointmentViewController.m */; };
		A82A494920FFA3FE00DC129F /* PFUser+ExtendedUser.m in Sources */ = {isa = PBXBuildFile; fileRef = A82A494820FFA3FE00DC129F /* PFUser+ExtendedUser.m */; };
		A82A494C20FFA5B800DC129F /* AppointmentModel.m in Sources */ = {isa = PBXBuildFile; fileRef = A82A494B20FFA5B800DC129F /* AppointmentModel.m */; };
		A82A494F20FFA5C800DC129F /* InterestModel.m in Sources */ = {isa = PBXBuildFile; fileRef = A82A494E20FFA5C800DC129F /* InterestModel.m */; };
		A82A495A20FFAF8200DC129F /* DiscoverCell.m in Sources */ = {isa = PBXBuildFile; fileRef = A82A495920FFAF8200DC129F /* DiscoverCell.m */; };
		A82EB2D421067A5000079B53 /* LocationApiManager.m in Sources */ = {isa = PBXBuildFile; fileRef = A82EB2D321067A5000079B53 /* LocationApiManager.m */; };
		A82EB2D62107DDA600079B53 /* Review.storyboard in Resources */ = {isa = PBXBuildFile; fileRef = A82EB2D52107DDA600079B53 /* Review.storyboard */; };
		A82EB2D92107E0B000079B53 /* ReviewViewController.m in Sources */ = {isa = PBXBuildFile; fileRef = A82EB2D82107E0B000079B53 /* ReviewViewController.m */; };
		A82EB2DC2107E43A00079B53 /* RateView.m in Sources */ = {isa = PBXBuildFile; fileRef = A82EB2DB2107E43A00079B53 /* RateView.m */; };
		A83DEAD9210FC21A002799DC /* Review.m in Sources */ = {isa = PBXBuildFile; fileRef = A83DEAD8210FC21A002799DC /* Review.m */; };
		A87C16CF21136F87001AC0B5 /* ComplimentsCell.m in Sources */ = {isa = PBXBuildFile; fileRef = A87C16CE21136F87001AC0B5 /* ComplimentsCell.m */; };
		A87C16D12113F7BE001AC0B5 /* Milestone.storyboard in Resources */ = {isa = PBXBuildFile; fileRef = A87C16D02113F7BE001AC0B5 /* Milestone.storyboard */; };
		A87C16D42113F7E5001AC0B5 /* MilestoneViewController.m in Sources */ = {isa = PBXBuildFile; fileRef = A87C16D32113F7E5001AC0B5 /* MilestoneViewController.m */; };
		A87C16D721140365001AC0B5 /* MilestoneTableView.m in Sources */ = {isa = PBXBuildFile; fileRef = A87C16D621140365001AC0B5 /* MilestoneTableView.m */; };
		A87C16DA21140998001AC0B5 /* MilestoneCell.m in Sources */ = {isa = PBXBuildFile; fileRef = A87C16D921140998001AC0B5 /* MilestoneCell.m */; };
		A87C16DD211413BD001AC0B5 /* AddCell.m in Sources */ = {isa = PBXBuildFile; fileRef = A87C16DC211413BD001AC0B5 /* AddCell.m */; };
		A88312FD20F28D5C00363E48 /* AppDelegate.m in Sources */ = {isa = PBXBuildFile; fileRef = A88312FC20F28D5C00363E48 /* AppDelegate.m */; };
		A883130320F28D5C00363E48 /* TabBarViewControllerStoryboard.storyboard in Resources */ = {isa = PBXBuildFile; fileRef = A883130120F28D5C00363E48 /* TabBarViewControllerStoryboard.storyboard */; };
		A883130520F28D5F00363E48 /* Assets.xcassets in Resources */ = {isa = PBXBuildFile; fileRef = A883130420F28D5F00363E48 /* Assets.xcassets */; };
		A883130820F28D5F00363E48 /* LaunchScreen.storyboard in Resources */ = {isa = PBXBuildFile; fileRef = A883130620F28D5F00363E48 /* LaunchScreen.storyboard */; };
		A883130B20F28D5F00363E48 /* main.m in Sources */ = {isa = PBXBuildFile; fileRef = A883130A20F28D5F00363E48 /* main.m */; };
		A883131520F28D5F00363E48 /* MentorMeTests.m in Sources */ = {isa = PBXBuildFile; fileRef = A883131420F28D5F00363E48 /* MentorMeTests.m */; };
		A883132020F28D5F00363E48 /* MentorMeUITests.m in Sources */ = {isa = PBXBuildFile; fileRef = A883131F20F28D5F00363E48 /* MentorMeUITests.m */; };
		A8A28C022117B50E009EA5EB /* Milestone.m in Sources */ = {isa = PBXBuildFile; fileRef = A8A28C012117B50E009EA5EB /* Milestone.m */; };
		A8A28C05211904E5009EA5EB /* ReviewDataDelegate.m in Sources */ = {isa = PBXBuildFile; fileRef = A8A28C04211904E5009EA5EB /* ReviewDataDelegate.m */; };
		A8A28C0C211A0C66009EA5EB /* MentorMilestoneCell.m in Sources */ = {isa = PBXBuildFile; fileRef = A8A28C0B211A0C66009EA5EB /* MentorMilestoneCell.m */; };
		A8A28C0F211A130E009EA5EB /* ProfileDataDelegate.m in Sources */ = {isa = PBXBuildFile; fileRef = A8A28C0E211A130E009EA5EB /* ProfileDataDelegate.m */; };
		B22101E921123D0C00D2E59F /* EditInterestsViewController.m in Sources */ = {isa = PBXBuildFile; fileRef = B22101E821123D0C00D2E59F /* EditInterestsViewController.m */; };
		B276C25F210931D70052CB3F /* AutocompleteTableViewCell.m in Sources */ = {isa = PBXBuildFile; fileRef = B276C25E210931D70052CB3F /* AutocompleteTableViewCell.m */; };
		B289557D211B6CAA00F0EC11 /* Notifications.storyboard in Resources */ = {isa = PBXBuildFile; fileRef = B289557C211B6CAA00F0EC11 /* Notifications.storyboard */; };
		B2895580211B789E00F0EC11 /* NotificationsViewController.m in Sources */ = {isa = PBXBuildFile; fileRef = B289557F211B789E00F0EC11 /* NotificationsViewController.m */; };
		B2895583211BA78500F0EC11 /* NotificationsTableViewCell.m in Sources */ = {isa = PBXBuildFile; fileRef = B2895582211BA78500F0EC11 /* NotificationsTableViewCell.m */; };
		B2895586211BC82200F0EC11 /* InviteDetailsView.m in Sources */ = {isa = PBXBuildFile; fileRef = B2895585211BC82200F0EC11 /* InviteDetailsView.m */; };
		B28955D6211CB7F500F0EC11 /* Notifications.m in Sources */ = {isa = PBXBuildFile; fileRef = B28955D5211CB7F500F0EC11 /* Notifications.m */; };
		B2AB7A69210272D100625FEE /* EditProfileViewControllerStoryboard.storyboard in Resources */ = {isa = PBXBuildFile; fileRef = B2AB7A68210272D100625FEE /* EditProfileViewControllerStoryboard.storyboard */; };
		B2AB7A6C21027EB100625FEE /* EditProfileViewController.m in Sources */ = {isa = PBXBuildFile; fileRef = B2AB7A6B21027EB100625FEE /* EditProfileViewController.m */; };
		B2F0FBD9211239F00054CA73 /* EditInterests.storyboard in Resources */ = {isa = PBXBuildFile; fileRef = B2F0FBD8211239F00054CA73 /* EditInterests.storyboard */; };
		C002266920FE5A11007D359B /* AppointmentsViewController.storyboard in Resources */ = {isa = PBXBuildFile; fileRef = C002266820FE5A11007D359B /* AppointmentsViewController.storyboard */; };
		C002266B20FE5A2C007D359B /* ProfileViewControllerStoryboard.storyboard in Resources */ = {isa = PBXBuildFile; fileRef = C002266A20FE5A2C007D359B /* ProfileViewControllerStoryboard.storyboard */; };
		C002266E20FE5B70007D359B /* ProfileViewController.m in Sources */ = {isa = PBXBuildFile; fileRef = C002266D20FE5B70007D359B /* ProfileViewController.m */; };
		C002267020FE63BA007D359B /* SignUpViewController.storyboard in Resources */ = {isa = PBXBuildFile; fileRef = C002266F20FE63BA007D359B /* SignUpViewController.storyboard */; };
		C002267220FE64FD007D359B /* Main.storyboard in Resources */ = {isa = PBXBuildFile; fileRef = C002267120FE64FD007D359B /* Main.storyboard */; };
		C03D899F20F7CA9900342B39 /* LoginViewController.m in Sources */ = {isa = PBXBuildFile; fileRef = C03D899E20F7CA9900342B39 /* LoginViewController.m */; };
		C03D89A520F7CE3D00342B39 /* SignUpViewController.m in Sources */ = {isa = PBXBuildFile; fileRef = C03D89A420F7CE3D00342B39 /* SignUpViewController.m */; };
		C05607FE211B57F700E6688E /* GetAdviceCollectionViewCell.m in Sources */ = {isa = PBXBuildFile; fileRef = C05607FD211B57F700E6688E /* GetAdviceCollectionViewCell.m */; };
		C0560801211B580100E6688E /* GiveAdviceCollectionViewCell.m in Sources */ = {isa = PBXBuildFile; fileRef = C0560800211B580100E6688E /* GiveAdviceCollectionViewCell.m */; };
		C05743DE20FFBB1E00A6F529 /* AppointmentCell.m in Sources */ = {isa = PBXBuildFile; fileRef = C05743DD20FFBB1E00A6F529 /* AppointmentCell.m */; };
		C0989BB6211A5286006358EE /* AdviceCollectionViewCell.m in Sources */ = {isa = PBXBuildFile; fileRef = C0989BB5211A5286006358EE /* AdviceCollectionViewCell.m */; };
		C0F101722100FF46009ADA47 /* AppointmentDetailsViewController.storyboard in Resources */ = {isa = PBXBuildFile; fileRef = C0F101712100FF46009ADA47 /* AppointmentDetailsViewController.storyboard */; };
		C0F101752100FF9F009ADA47 /* AppointmentDetailsViewController.m in Sources */ = {isa = PBXBuildFile; fileRef = C0F101742100FF9F009ADA47 /* AppointmentDetailsViewController.m */; };
		C0F101782101059B009ADA47 /* AppointmentsViewController.m in Sources */ = {isa = PBXBuildFile; fileRef = C0F101772101059B009ADA47 /* AppointmentsViewController.m */; };
		C0F10188210162F1009ADA47 /* MentorDetailsViewController.m in Sources */ = {isa = PBXBuildFile; fileRef = C0F10187210162F1009ADA47 /* MentorDetailsViewController.m */; };
		C0F1018E2101647F009ADA47 /* MentorDetailsStoryboard.storyboard in Resources */ = {isa = PBXBuildFile; fileRef = C0F1018D2101647F009ADA47 /* MentorDetailsStoryboard.storyboard */; };
		FE4AE2B2B579EAC022338C7C /* libPods-MentorMe.a in Frameworks */ = {isa = PBXBuildFile; fileRef = BC60CE26C8A32A3C34A2E255 /* libPods-MentorMe.a */; };
/* End PBXBuildFile section */

/* Begin PBXContainerItemProxy section */
		A883131120F28D5F00363E48 /* PBXContainerItemProxy */ = {
			isa = PBXContainerItemProxy;
			containerPortal = A88312F020F28D5C00363E48 /* Project object */;
			proxyType = 1;
			remoteGlobalIDString = A88312F720F28D5C00363E48;
			remoteInfo = MentorMe;
		};
		A883131C20F28D5F00363E48 /* PBXContainerItemProxy */ = {
			isa = PBXContainerItemProxy;
			containerPortal = A88312F020F28D5C00363E48 /* Project object */;
			proxyType = 1;
			remoteGlobalIDString = A88312F720F28D5C00363E48;
			remoteInfo = MentorMe;
		};
/* End PBXContainerItemProxy section */

/* Begin PBXFileReference section */
		14FFF7CCDA154F8B2460B8B7 /* Pods-MentorMeUITests.release.xcconfig */ = {isa = PBXFileReference; includeInIndex = 1; lastKnownFileType = text.xcconfig; name = "Pods-MentorMeUITests.release.xcconfig"; path = "Pods/Target Support Files/Pods-MentorMeUITests/Pods-MentorMeUITests.release.xcconfig"; sourceTree = "<group>"; };
		2A0F31EB3C37DFDA797EF18C /* Pods-MentorMeTests.debug.xcconfig */ = {isa = PBXFileReference; includeInIndex = 1; lastKnownFileType = text.xcconfig; name = "Pods-MentorMeTests.debug.xcconfig"; path = "Pods/Target Support Files/Pods-MentorMeTests/Pods-MentorMeTests.debug.xcconfig"; sourceTree = "<group>"; };
		3D959AD740970DE50263A7EF /* Pods-MentorMe.debug.xcconfig */ = {isa = PBXFileReference; includeInIndex = 1; lastKnownFileType = text.xcconfig; name = "Pods-MentorMe.debug.xcconfig"; path = "Pods/Target Support Files/Pods-MentorMe/Pods-MentorMe.debug.xcconfig"; sourceTree = "<group>"; };
		5E8695638031164B8B3EA787 /* Pods-MentorMeTests.release.xcconfig */ = {isa = PBXFileReference; includeInIndex = 1; lastKnownFileType = text.xcconfig; name = "Pods-MentorMeTests.release.xcconfig"; path = "Pods/Target Support Files/Pods-MentorMeTests/Pods-MentorMeTests.release.xcconfig"; sourceTree = "<group>"; };
		63F95249E25064190E804E60 /* libPods-MentorMeUITests.a */ = {isa = PBXFileReference; explicitFileType = archive.ar; includeInIndex = 0; path = "libPods-MentorMeUITests.a"; sourceTree = BUILT_PRODUCTS_DIR; };
		644A9C9A2B69BAA56AAD9E66 /* Pods-MentorMeUITests.debug.xcconfig */ = {isa = PBXFileReference; includeInIndex = 1; lastKnownFileType = text.xcconfig; name = "Pods-MentorMeUITests.debug.xcconfig"; path = "Pods/Target Support Files/Pods-MentorMeUITests/Pods-MentorMeUITests.debug.xcconfig"; sourceTree = "<group>"; };
		9BFB1FC76E501007979CC5A1 /* Pods-MentorMe.release.xcconfig */ = {isa = PBXFileReference; includeInIndex = 1; lastKnownFileType = text.xcconfig; name = "Pods-MentorMe.release.xcconfig"; path = "Pods/Target Support Files/Pods-MentorMe/Pods-MentorMe.release.xcconfig"; sourceTree = "<group>"; };
		A8011C7C21013F610028E604 /* DiscoverTableViewController.h */ = {isa = PBXFileReference; lastKnownFileType = sourcecode.c.h; path = DiscoverTableViewController.h; sourceTree = "<group>"; };
		A8011C7D21013F610028E604 /* DiscoverTableViewController.m */ = {isa = PBXFileReference; lastKnownFileType = sourcecode.c.objc; path = DiscoverTableViewController.m; sourceTree = "<group>"; };
		A8011C7F2101408C0028E604 /* FilterViewController.h */ = {isa = PBXFileReference; lastKnownFileType = sourcecode.c.h; path = FilterViewController.h; sourceTree = "<group>"; };
		A8011C802101408C0028E604 /* FilterViewController.m */ = {isa = PBXFileReference; lastKnownFileType = sourcecode.c.objc; path = FilterViewController.m; sourceTree = "<group>"; };
		A8011C822101415C0028E604 /* Filters.storyboard */ = {isa = PBXFileReference; fileEncoding = 4; lastKnownFileType = file.storyboard; path = Filters.storyboard; sourceTree = "<group>"; };
		A8011C84210141910028E604 /* DiscoverTableViewStoryboard.storyboard */ = {isa = PBXFileReference; fileEncoding = 4; lastKnownFileType = file.storyboard; path = DiscoverTableViewStoryboard.storyboard; sourceTree = "<group>"; };
		A8011C86210167040028E604 /* CreateAppointment.storyboard */ = {isa = PBXFileReference; lastKnownFileType = file.storyboard; path = CreateAppointment.storyboard; sourceTree = "<group>"; };
		A8011C882101691B0028E604 /* CreateAppointmentViewController.h */ = {isa = PBXFileReference; lastKnownFileType = sourcecode.c.h; path = CreateAppointmentViewController.h; sourceTree = "<group>"; };
		A8011C892101691B0028E604 /* CreateAppointmentViewController.m */ = {isa = PBXFileReference; lastKnownFileType = sourcecode.c.objc; path = CreateAppointmentViewController.m; sourceTree = "<group>"; };
		A82A494720FFA3FE00DC129F /* PFUser+ExtendedUser.h */ = {isa = PBXFileReference; lastKnownFileType = sourcecode.c.h; path = "PFUser+ExtendedUser.h"; sourceTree = "<group>"; };
		A82A494820FFA3FE00DC129F /* PFUser+ExtendedUser.m */ = {isa = PBXFileReference; lastKnownFileType = sourcecode.c.objc; path = "PFUser+ExtendedUser.m"; sourceTree = "<group>"; };
		A82A494A20FFA5B800DC129F /* AppointmentModel.h */ = {isa = PBXFileReference; lastKnownFileType = sourcecode.c.h; path = AppointmentModel.h; sourceTree = "<group>"; };
		A82A494B20FFA5B800DC129F /* AppointmentModel.m */ = {isa = PBXFileReference; lastKnownFileType = sourcecode.c.objc; path = AppointmentModel.m; sourceTree = "<group>"; };
		A82A494D20FFA5C800DC129F /* InterestModel.h */ = {isa = PBXFileReference; lastKnownFileType = sourcecode.c.h; path = InterestModel.h; sourceTree = "<group>"; };
		A82A494E20FFA5C800DC129F /* InterestModel.m */ = {isa = PBXFileReference; lastKnownFileType = sourcecode.c.objc; path = InterestModel.m; sourceTree = "<group>"; };
		A82A495820FFAF8200DC129F /* DiscoverCell.h */ = {isa = PBXFileReference; lastKnownFileType = sourcecode.c.h; path = DiscoverCell.h; sourceTree = "<group>"; };
		A82A495920FFAF8200DC129F /* DiscoverCell.m */ = {isa = PBXFileReference; lastKnownFileType = sourcecode.c.objc; path = DiscoverCell.m; sourceTree = "<group>"; };
		A82EB2D221067A5000079B53 /* LocationApiManager.h */ = {isa = PBXFileReference; lastKnownFileType = sourcecode.c.h; path = LocationApiManager.h; sourceTree = "<group>"; };
		A82EB2D321067A5000079B53 /* LocationApiManager.m */ = {isa = PBXFileReference; lastKnownFileType = sourcecode.c.objc; path = LocationApiManager.m; sourceTree = "<group>"; };
		A82EB2D52107DDA600079B53 /* Review.storyboard */ = {isa = PBXFileReference; lastKnownFileType = file.storyboard; path = Review.storyboard; sourceTree = "<group>"; };
		A82EB2D72107E0B000079B53 /* ReviewViewController.h */ = {isa = PBXFileReference; lastKnownFileType = sourcecode.c.h; path = ReviewViewController.h; sourceTree = "<group>"; };
		A82EB2D82107E0B000079B53 /* ReviewViewController.m */ = {isa = PBXFileReference; lastKnownFileType = sourcecode.c.objc; path = ReviewViewController.m; sourceTree = "<group>"; };
		A82EB2DA2107E43A00079B53 /* RateView.h */ = {isa = PBXFileReference; lastKnownFileType = sourcecode.c.h; path = RateView.h; sourceTree = "<group>"; };
		A82EB2DB2107E43A00079B53 /* RateView.m */ = {isa = PBXFileReference; lastKnownFileType = sourcecode.c.objc; path = RateView.m; sourceTree = "<group>"; };
		A83DEAD7210FC21A002799DC /* Review.h */ = {isa = PBXFileReference; lastKnownFileType = sourcecode.c.h; path = Review.h; sourceTree = "<group>"; };
		A83DEAD8210FC21A002799DC /* Review.m */ = {isa = PBXFileReference; lastKnownFileType = sourcecode.c.objc; path = Review.m; sourceTree = "<group>"; };
		A87C16CD21136F87001AC0B5 /* ComplimentsCell.h */ = {isa = PBXFileReference; lastKnownFileType = sourcecode.c.h; path = ComplimentsCell.h; sourceTree = "<group>"; };
		A87C16CE21136F87001AC0B5 /* ComplimentsCell.m */ = {isa = PBXFileReference; lastKnownFileType = sourcecode.c.objc; path = ComplimentsCell.m; sourceTree = "<group>"; };
		A87C16D02113F7BE001AC0B5 /* Milestone.storyboard */ = {isa = PBXFileReference; lastKnownFileType = file.storyboard; path = Milestone.storyboard; sourceTree = "<group>"; };
		A87C16D22113F7E5001AC0B5 /* MilestoneViewController.h */ = {isa = PBXFileReference; lastKnownFileType = sourcecode.c.h; path = MilestoneViewController.h; sourceTree = "<group>"; };
		A87C16D32113F7E5001AC0B5 /* MilestoneViewController.m */ = {isa = PBXFileReference; lastKnownFileType = sourcecode.c.objc; path = MilestoneViewController.m; sourceTree = "<group>"; };
		A87C16D521140365001AC0B5 /* MilestoneTableView.h */ = {isa = PBXFileReference; lastKnownFileType = sourcecode.c.h; path = MilestoneTableView.h; sourceTree = "<group>"; };
		A87C16D621140365001AC0B5 /* MilestoneTableView.m */ = {isa = PBXFileReference; lastKnownFileType = sourcecode.c.objc; path = MilestoneTableView.m; sourceTree = "<group>"; };
		A87C16D821140998001AC0B5 /* MilestoneCell.h */ = {isa = PBXFileReference; lastKnownFileType = sourcecode.c.h; path = MilestoneCell.h; sourceTree = "<group>"; };
		A87C16D921140998001AC0B5 /* MilestoneCell.m */ = {isa = PBXFileReference; lastKnownFileType = sourcecode.c.objc; path = MilestoneCell.m; sourceTree = "<group>"; };
		A87C16DB211413BD001AC0B5 /* AddCell.h */ = {isa = PBXFileReference; lastKnownFileType = sourcecode.c.h; path = AddCell.h; sourceTree = "<group>"; };
		A87C16DC211413BD001AC0B5 /* AddCell.m */ = {isa = PBXFileReference; lastKnownFileType = sourcecode.c.objc; path = AddCell.m; sourceTree = "<group>"; };
		A88312F820F28D5C00363E48 /* MentorMe.app */ = {isa = PBXFileReference; explicitFileType = wrapper.application; includeInIndex = 0; path = MentorMe.app; sourceTree = BUILT_PRODUCTS_DIR; };
		A88312FB20F28D5C00363E48 /* AppDelegate.h */ = {isa = PBXFileReference; lastKnownFileType = sourcecode.c.h; path = AppDelegate.h; sourceTree = "<group>"; };
		A88312FC20F28D5C00363E48 /* AppDelegate.m */ = {isa = PBXFileReference; lastKnownFileType = sourcecode.c.objc; path = AppDelegate.m; sourceTree = "<group>"; };
		A883130220F28D5C00363E48 /* Base */ = {isa = PBXFileReference; lastKnownFileType = file.storyboard; name = Base; path = Base.lproj/TabBarViewControllerStoryboard.storyboard; sourceTree = "<group>"; };
		A883130420F28D5F00363E48 /* Assets.xcassets */ = {isa = PBXFileReference; lastKnownFileType = folder.assetcatalog; path = Assets.xcassets; sourceTree = "<group>"; };
		A883130720F28D5F00363E48 /* Base */ = {isa = PBXFileReference; lastKnownFileType = file.storyboard; name = Base; path = Base.lproj/LaunchScreen.storyboard; sourceTree = "<group>"; };
		A883130920F28D5F00363E48 /* Info.plist */ = {isa = PBXFileReference; lastKnownFileType = text.plist.xml; path = Info.plist; sourceTree = "<group>"; };
		A883130A20F28D5F00363E48 /* main.m */ = {isa = PBXFileReference; lastKnownFileType = sourcecode.c.objc; path = main.m; sourceTree = "<group>"; };
		A883131020F28D5F00363E48 /* MentorMeTests.xctest */ = {isa = PBXFileReference; explicitFileType = wrapper.cfbundle; includeInIndex = 0; path = MentorMeTests.xctest; sourceTree = BUILT_PRODUCTS_DIR; };
		A883131420F28D5F00363E48 /* MentorMeTests.m */ = {isa = PBXFileReference; lastKnownFileType = sourcecode.c.objc; path = MentorMeTests.m; sourceTree = "<group>"; };
		A883131620F28D5F00363E48 /* Info.plist */ = {isa = PBXFileReference; lastKnownFileType = text.plist.xml; path = Info.plist; sourceTree = "<group>"; };
		A883131B20F28D5F00363E48 /* MentorMeUITests.xctest */ = {isa = PBXFileReference; explicitFileType = wrapper.cfbundle; includeInIndex = 0; path = MentorMeUITests.xctest; sourceTree = BUILT_PRODUCTS_DIR; };
		A883131F20F28D5F00363E48 /* MentorMeUITests.m */ = {isa = PBXFileReference; lastKnownFileType = sourcecode.c.objc; path = MentorMeUITests.m; sourceTree = "<group>"; };
		A883132120F28D5F00363E48 /* Info.plist */ = {isa = PBXFileReference; lastKnownFileType = text.plist.xml; path = Info.plist; sourceTree = "<group>"; };
		A8A28C002117B50E009EA5EB /* Milestone.h */ = {isa = PBXFileReference; lastKnownFileType = sourcecode.c.h; path = Milestone.h; sourceTree = "<group>"; };
		A8A28C012117B50E009EA5EB /* Milestone.m */ = {isa = PBXFileReference; lastKnownFileType = sourcecode.c.objc; path = Milestone.m; sourceTree = "<group>"; };
		A8A28C03211904E5009EA5EB /* ReviewDataDelegate.h */ = {isa = PBXFileReference; lastKnownFileType = sourcecode.c.h; path = ReviewDataDelegate.h; sourceTree = "<group>"; };
		A8A28C04211904E5009EA5EB /* ReviewDataDelegate.m */ = {isa = PBXFileReference; lastKnownFileType = sourcecode.c.objc; path = ReviewDataDelegate.m; sourceTree = "<group>"; };
		A8A28C0A211A0C66009EA5EB /* MentorMilestoneCell.h */ = {isa = PBXFileReference; lastKnownFileType = sourcecode.c.h; path = MentorMilestoneCell.h; sourceTree = "<group>"; };
		A8A28C0B211A0C66009EA5EB /* MentorMilestoneCell.m */ = {isa = PBXFileReference; lastKnownFileType = sourcecode.c.objc; path = MentorMilestoneCell.m; sourceTree = "<group>"; };
		A8A28C0D211A130E009EA5EB /* ProfileDataDelegate.h */ = {isa = PBXFileReference; lastKnownFileType = sourcecode.c.h; path = ProfileDataDelegate.h; sourceTree = "<group>"; };
		A8A28C0E211A130E009EA5EB /* ProfileDataDelegate.m */ = {isa = PBXFileReference; lastKnownFileType = sourcecode.c.objc; path = ProfileDataDelegate.m; sourceTree = "<group>"; };
		B22101E721123D0C00D2E59F /* EditInterestsViewController.h */ = {isa = PBXFileReference; lastKnownFileType = sourcecode.c.h; path = EditInterestsViewController.h; sourceTree = "<group>"; };
		B22101E821123D0C00D2E59F /* EditInterestsViewController.m */ = {isa = PBXFileReference; lastKnownFileType = sourcecode.c.objc; path = EditInterestsViewController.m; sourceTree = "<group>"; };
		B276C25D210931D70052CB3F /* AutocompleteTableViewCell.h */ = {isa = PBXFileReference; lastKnownFileType = sourcecode.c.h; path = AutocompleteTableViewCell.h; sourceTree = "<group>"; };
		B276C25E210931D70052CB3F /* AutocompleteTableViewCell.m */ = {isa = PBXFileReference; lastKnownFileType = sourcecode.c.objc; path = AutocompleteTableViewCell.m; sourceTree = "<group>"; };
		B289557C211B6CAA00F0EC11 /* Notifications.storyboard */ = {isa = PBXFileReference; lastKnownFileType = file.storyboard; path = Notifications.storyboard; sourceTree = "<group>"; };
		B289557E211B789E00F0EC11 /* NotificationsViewController.h */ = {isa = PBXFileReference; lastKnownFileType = sourcecode.c.h; path = NotificationsViewController.h; sourceTree = "<group>"; };
		B289557F211B789E00F0EC11 /* NotificationsViewController.m */ = {isa = PBXFileReference; lastKnownFileType = sourcecode.c.objc; path = NotificationsViewController.m; sourceTree = "<group>"; };
		B2895581211BA78500F0EC11 /* NotificationsTableViewCell.h */ = {isa = PBXFileReference; lastKnownFileType = sourcecode.c.h; path = NotificationsTableViewCell.h; sourceTree = "<group>"; };
		B2895582211BA78500F0EC11 /* NotificationsTableViewCell.m */ = {isa = PBXFileReference; lastKnownFileType = sourcecode.c.objc; path = NotificationsTableViewCell.m; sourceTree = "<group>"; };
		B2895584211BC82200F0EC11 /* InviteDetailsView.h */ = {isa = PBXFileReference; lastKnownFileType = sourcecode.c.h; path = InviteDetailsView.h; sourceTree = "<group>"; };
		B2895585211BC82200F0EC11 /* InviteDetailsView.m */ = {isa = PBXFileReference; lastKnownFileType = sourcecode.c.objc; path = InviteDetailsView.m; sourceTree = "<group>"; };
		B28955D4211CB7F500F0EC11 /* Notifications.h */ = {isa = PBXFileReference; lastKnownFileType = sourcecode.c.h; path = Notifications.h; sourceTree = "<group>"; };
		B28955D5211CB7F500F0EC11 /* Notifications.m */ = {isa = PBXFileReference; lastKnownFileType = sourcecode.c.objc; path = Notifications.m; sourceTree = "<group>"; };
		B2AB7A68210272D100625FEE /* EditProfileViewControllerStoryboard.storyboard */ = {isa = PBXFileReference; lastKnownFileType = file.storyboard; path = EditProfileViewControllerStoryboard.storyboard; sourceTree = "<group>"; };
		B2AB7A6A21027EB100625FEE /* EditProfileViewController.h */ = {isa = PBXFileReference; lastKnownFileType = sourcecode.c.h; path = EditProfileViewController.h; sourceTree = "<group>"; };
		B2AB7A6B21027EB100625FEE /* EditProfileViewController.m */ = {isa = PBXFileReference; lastKnownFileType = sourcecode.c.objc; path = EditProfileViewController.m; sourceTree = "<group>"; };
		B2F0FBD8211239F00054CA73 /* EditInterests.storyboard */ = {isa = PBXFileReference; lastKnownFileType = file.storyboard; path = EditInterests.storyboard; sourceTree = "<group>"; };
		BC60CE26C8A32A3C34A2E255 /* libPods-MentorMe.a */ = {isa = PBXFileReference; explicitFileType = archive.ar; includeInIndex = 0; path = "libPods-MentorMe.a"; sourceTree = BUILT_PRODUCTS_DIR; };
		C002266820FE5A11007D359B /* AppointmentsViewController.storyboard */ = {isa = PBXFileReference; lastKnownFileType = file.storyboard; path = AppointmentsViewController.storyboard; sourceTree = "<group>"; };
		C002266A20FE5A2C007D359B /* ProfileViewControllerStoryboard.storyboard */ = {isa = PBXFileReference; lastKnownFileType = file.storyboard; path = ProfileViewControllerStoryboard.storyboard; sourceTree = "<group>"; };
		C002266C20FE5B70007D359B /* ProfileViewController.h */ = {isa = PBXFileReference; lastKnownFileType = sourcecode.c.h; path = ProfileViewController.h; sourceTree = "<group>"; };
		C002266D20FE5B70007D359B /* ProfileViewController.m */ = {isa = PBXFileReference; lastKnownFileType = sourcecode.c.objc; path = ProfileViewController.m; sourceTree = "<group>"; };
		C002266F20FE63BA007D359B /* SignUpViewController.storyboard */ = {isa = PBXFileReference; lastKnownFileType = file.storyboard; path = SignUpViewController.storyboard; sourceTree = "<group>"; };
		C002267120FE64FD007D359B /* Main.storyboard */ = {isa = PBXFileReference; lastKnownFileType = file.storyboard; path = Main.storyboard; sourceTree = "<group>"; };
		C03D899D20F7CA9900342B39 /* LoginViewController.h */ = {isa = PBXFileReference; lastKnownFileType = sourcecode.c.h; path = LoginViewController.h; sourceTree = "<group>"; };
		C03D899E20F7CA9900342B39 /* LoginViewController.m */ = {isa = PBXFileReference; lastKnownFileType = sourcecode.c.objc; path = LoginViewController.m; sourceTree = "<group>"; };
		C03D89A320F7CE3D00342B39 /* SignUpViewController.h */ = {isa = PBXFileReference; lastKnownFileType = sourcecode.c.h; path = SignUpViewController.h; sourceTree = "<group>"; };
		C03D89A420F7CE3D00342B39 /* SignUpViewController.m */ = {isa = PBXFileReference; lastKnownFileType = sourcecode.c.objc; path = SignUpViewController.m; sourceTree = "<group>"; };
		C05607FC211B57F700E6688E /* GetAdviceCollectionViewCell.h */ = {isa = PBXFileReference; lastKnownFileType = sourcecode.c.h; path = GetAdviceCollectionViewCell.h; sourceTree = "<group>"; };
		C05607FD211B57F700E6688E /* GetAdviceCollectionViewCell.m */ = {isa = PBXFileReference; lastKnownFileType = sourcecode.c.objc; path = GetAdviceCollectionViewCell.m; sourceTree = "<group>"; };
		C05607FF211B580100E6688E /* GiveAdviceCollectionViewCell.h */ = {isa = PBXFileReference; lastKnownFileType = sourcecode.c.h; path = GiveAdviceCollectionViewCell.h; sourceTree = "<group>"; };
		C0560800211B580100E6688E /* GiveAdviceCollectionViewCell.m */ = {isa = PBXFileReference; lastKnownFileType = sourcecode.c.objc; path = GiveAdviceCollectionViewCell.m; sourceTree = "<group>"; };
		C05743DC20FFBB1E00A6F529 /* AppointmentCell.h */ = {isa = PBXFileReference; lastKnownFileType = sourcecode.c.h; path = AppointmentCell.h; sourceTree = "<group>"; };
		C05743DD20FFBB1E00A6F529 /* AppointmentCell.m */ = {isa = PBXFileReference; lastKnownFileType = sourcecode.c.objc; path = AppointmentCell.m; sourceTree = "<group>"; };
		C0989BB4211A5286006358EE /* AdviceCollectionViewCell.h */ = {isa = PBXFileReference; lastKnownFileType = sourcecode.c.h; path = AdviceCollectionViewCell.h; sourceTree = "<group>"; };
		C0989BB5211A5286006358EE /* AdviceCollectionViewCell.m */ = {isa = PBXFileReference; lastKnownFileType = sourcecode.c.objc; path = AdviceCollectionViewCell.m; sourceTree = "<group>"; };
		C0F101712100FF46009ADA47 /* AppointmentDetailsViewController.storyboard */ = {isa = PBXFileReference; lastKnownFileType = file.storyboard; path = AppointmentDetailsViewController.storyboard; sourceTree = "<group>"; };
		C0F101732100FF9F009ADA47 /* AppointmentDetailsViewController.h */ = {isa = PBXFileReference; lastKnownFileType = sourcecode.c.h; path = AppointmentDetailsViewController.h; sourceTree = "<group>"; };
		C0F101742100FF9F009ADA47 /* AppointmentDetailsViewController.m */ = {isa = PBXFileReference; lastKnownFileType = sourcecode.c.objc; path = AppointmentDetailsViewController.m; sourceTree = "<group>"; };
		C0F101762101059B009ADA47 /* AppointmentsViewController.h */ = {isa = PBXFileReference; lastKnownFileType = sourcecode.c.h; path = AppointmentsViewController.h; sourceTree = "<group>"; };
		C0F101772101059B009ADA47 /* AppointmentsViewController.m */ = {isa = PBXFileReference; lastKnownFileType = sourcecode.c.objc; path = AppointmentsViewController.m; sourceTree = "<group>"; };
		C0F10186210162F1009ADA47 /* MentorDetailsViewController.h */ = {isa = PBXFileReference; lastKnownFileType = sourcecode.c.h; path = MentorDetailsViewController.h; sourceTree = "<group>"; };
		C0F10187210162F1009ADA47 /* MentorDetailsViewController.m */ = {isa = PBXFileReference; lastKnownFileType = sourcecode.c.objc; path = MentorDetailsViewController.m; sourceTree = "<group>"; };
		C0F1018D2101647F009ADA47 /* MentorDetailsStoryboard.storyboard */ = {isa = PBXFileReference; lastKnownFileType = file.storyboard; path = MentorDetailsStoryboard.storyboard; sourceTree = "<group>"; };
		E4893F7FB4B7966D94418CB2 /* libPods-MentorMeTests.a */ = {isa = PBXFileReference; explicitFileType = archive.ar; includeInIndex = 0; path = "libPods-MentorMeTests.a"; sourceTree = BUILT_PRODUCTS_DIR; };
/* End PBXFileReference section */

/* Begin PBXFrameworksBuildPhase section */
		A88312F520F28D5C00363E48 /* Frameworks */ = {
			isa = PBXFrameworksBuildPhase;
			buildActionMask = 2147483647;
			files = (
				FE4AE2B2B579EAC022338C7C /* libPods-MentorMe.a in Frameworks */,
			);
			runOnlyForDeploymentPostprocessing = 0;
		};
		A883130D20F28D5F00363E48 /* Frameworks */ = {
			isa = PBXFrameworksBuildPhase;
			buildActionMask = 2147483647;
			files = (
				5A93DD3343D8201C3DF38DC5 /* libPods-MentorMeTests.a in Frameworks */,
			);
			runOnlyForDeploymentPostprocessing = 0;
		};
		A883131820F28D5F00363E48 /* Frameworks */ = {
			isa = PBXFrameworksBuildPhase;
			buildActionMask = 2147483647;
			files = (
				9FC714FCF36D31653200DA99 /* libPods-MentorMeUITests.a in Frameworks */,
			);
			runOnlyForDeploymentPostprocessing = 0;
		};
/* End PBXFrameworksBuildPhase section */

/* Begin PBXGroup section */
		A82A494320FFA26200DC129F /* Models */ = {
			isa = PBXGroup;
			children = (
				A82A494A20FFA5B800DC129F /* AppointmentModel.h */,
				A82A494B20FFA5B800DC129F /* AppointmentModel.m */,
				A82A494D20FFA5C800DC129F /* InterestModel.h */,
				A82A494E20FFA5C800DC129F /* InterestModel.m */,
				A8A28C002117B50E009EA5EB /* Milestone.h */,
				A8A28C012117B50E009EA5EB /* Milestone.m */,
				A83DEAD7210FC21A002799DC /* Review.h */,
				A83DEAD8210FC21A002799DC /* Review.m */,
				A82A494720FFA3FE00DC129F /* PFUser+ExtendedUser.h */,
				A82A494820FFA3FE00DC129F /* PFUser+ExtendedUser.m */,
				B28955D4211CB7F500F0EC11 /* Notifications.h */,
				B28955D5211CB7F500F0EC11 /* Notifications.m */,
			);
			name = Models;
			path = "New Group";
			sourceTree = "<group>";
		};
		A88312EF20F28D5C00363E48 = {
			isa = PBXGroup;
			children = (
				A88312FA20F28D5C00363E48 /* MentorMe */,
				A883131320F28D5F00363E48 /* MentorMeTests */,
				A883131E20F28D5F00363E48 /* MentorMeUITests */,
				A88312F920F28D5C00363E48 /* Products */,
				F09E48C407B6C9533FF8AEA0 /* Pods */,
				B63B0D592BFEC95D505C6CEF /* Frameworks */,
			);
			sourceTree = "<group>";
		};
		A88312F920F28D5C00363E48 /* Products */ = {
			isa = PBXGroup;
			children = (
				A88312F820F28D5C00363E48 /* MentorMe.app */,
				A883131020F28D5F00363E48 /* MentorMeTests.xctest */,
				A883131B20F28D5F00363E48 /* MentorMeUITests.xctest */,
			);
			name = Products;
			sourceTree = "<group>";
		};
		A88312FA20F28D5C00363E48 /* MentorMe */ = {
			isa = PBXGroup;
			children = (
				C03D898720F7C8ED00342B39 /* View Controllers */,
				A8A28C062119052E009EA5EB /* ViewControllerDataDelegateSources */,
				C05743DB20FFBAF900A6F529 /* Views */,
				A82A494320FFA26200DC129F /* Models */,
				C002266520FE578B007D359B /* Storyboards */,
				A88312FB20F28D5C00363E48 /* AppDelegate.h */,
				A88312FC20F28D5C00363E48 /* AppDelegate.m */,
				A883130420F28D5F00363E48 /* Assets.xcassets */,
				A883130620F28D5F00363E48 /* LaunchScreen.storyboard */,
				A883130920F28D5F00363E48 /* Info.plist */,
				A883130A20F28D5F00363E48 /* main.m */,
				A82EB2D221067A5000079B53 /* LocationApiManager.h */,
				A82EB2D321067A5000079B53 /* LocationApiManager.m */,
			);
			path = MentorMe;
			sourceTree = "<group>";
		};
		A883131320F28D5F00363E48 /* MentorMeTests */ = {
			isa = PBXGroup;
			children = (
				A883131420F28D5F00363E48 /* MentorMeTests.m */,
				A883131620F28D5F00363E48 /* Info.plist */,
			);
			path = MentorMeTests;
			sourceTree = "<group>";
		};
		A883131E20F28D5F00363E48 /* MentorMeUITests */ = {
			isa = PBXGroup;
			children = (
				A883131F20F28D5F00363E48 /* MentorMeUITests.m */,
				A883132120F28D5F00363E48 /* Info.plist */,
			);
			path = MentorMeUITests;
			sourceTree = "<group>";
		};
		A8A28C062119052E009EA5EB /* ViewControllerDataDelegateSources */ = {
			isa = PBXGroup;
			children = (
				A8A28C03211904E5009EA5EB /* ReviewDataDelegate.h */,
				A8A28C04211904E5009EA5EB /* ReviewDataDelegate.m */,
				A87C16D521140365001AC0B5 /* MilestoneTableView.h */,
				A87C16D621140365001AC0B5 /* MilestoneTableView.m */,
				A8A28C0D211A130E009EA5EB /* ProfileDataDelegate.h */,
				A8A28C0E211A130E009EA5EB /* ProfileDataDelegate.m */,
			);
			path = ViewControllerDataDelegateSources;
			sourceTree = "<group>";
		};
		B63B0D592BFEC95D505C6CEF /* Frameworks */ = {
			isa = PBXGroup;
			children = (
				BC60CE26C8A32A3C34A2E255 /* libPods-MentorMe.a */,
				E4893F7FB4B7966D94418CB2 /* libPods-MentorMeTests.a */,
				63F95249E25064190E804E60 /* libPods-MentorMeUITests.a */,
			);
			name = Frameworks;
			sourceTree = "<group>";
		};
		C002266520FE578B007D359B /* Storyboards */ = {
			isa = PBXGroup;
			children = (
				A883130120F28D5C00363E48 /* TabBarViewControllerStoryboard.storyboard */,
				C002267120FE64FD007D359B /* Main.storyboard */,
				C002266F20FE63BA007D359B /* SignUpViewController.storyboard */,
				C0D040D820FE7000005D4FC2 /* Tab Bar Storyboards */,
			);
			path = Storyboards;
			sourceTree = "<group>";
		};
		C03D898720F7C8ED00342B39 /* View Controllers */ = {
			isa = PBXGroup;
			children = (
				C0F1018C21016335009ADA47 /* Opening */,
				C0F1018921016301009ADA47 /* Discover Tab */,
				C0F1018A21016311009ADA47 /* Appointments Tab */,
				C0F1018B21016327009ADA47 /* Profile Tab */,
			);
			path = "View Controllers";
			sourceTree = "<group>";
		};
		C05743DB20FFBAF900A6F529 /* Views */ = {
			isa = PBXGroup;
			children = (
				C0F1047C211B88E000AEA624 /* Table View Cells */,
				C0F1047B211B88CF00AEA624 /* Collection View Cells */,
				A82EB2DA2107E43A00079B53 /* RateView.h */,
				A82EB2DB2107E43A00079B53 /* RateView.m */,
				B2895581211BA78500F0EC11 /* NotificationsTableViewCell.h */,
				B2895582211BA78500F0EC11 /* NotificationsTableViewCell.m */,
				B2895584211BC82200F0EC11 /* InviteDetailsView.h */,
				B2895585211BC82200F0EC11 /* InviteDetailsView.m */,
			);
			path = Views;
			sourceTree = "<group>";
		};
		C0D040D820FE7000005D4FC2 /* Tab Bar Storyboards */ = {
			isa = PBXGroup;
			children = (
				C0F1018F2101648A009ADA47 /* DiscoverTab */,
				C0F101902101648F009ADA47 /* AppointmentsTab */,
				C0F1019121016496009ADA47 /* ProfileTab */,
			);
			path = "Tab Bar Storyboards";
			sourceTree = "<group>";
		};
		C0F1018921016301009ADA47 /* Discover Tab */ = {
			isa = PBXGroup;
			children = (
				A8011C7C21013F610028E604 /* DiscoverTableViewController.h */,
				A8011C7D21013F610028E604 /* DiscoverTableViewController.m */,
				A8011C7F2101408C0028E604 /* FilterViewController.h */,
				A8011C802101408C0028E604 /* FilterViewController.m */,
				C0F10186210162F1009ADA47 /* MentorDetailsViewController.h */,
				C0F10187210162F1009ADA47 /* MentorDetailsViewController.m */,
				A8011C882101691B0028E604 /* CreateAppointmentViewController.h */,
				A8011C892101691B0028E604 /* CreateAppointmentViewController.m */,
				B289557E211B789E00F0EC11 /* NotificationsViewController.h */,
				B289557F211B789E00F0EC11 /* NotificationsViewController.m */,
			);
			path = "Discover Tab";
			sourceTree = "<group>";
		};
		C0F1018A21016311009ADA47 /* Appointments Tab */ = {
			isa = PBXGroup;
			children = (
				C0F101762101059B009ADA47 /* AppointmentsViewController.h */,
				C0F101772101059B009ADA47 /* AppointmentsViewController.m */,
				C0F101732100FF9F009ADA47 /* AppointmentDetailsViewController.h */,
				C0F101742100FF9F009ADA47 /* AppointmentDetailsViewController.m */,
				A87C16D22113F7E5001AC0B5 /* MilestoneViewController.h */,
				A87C16D32113F7E5001AC0B5 /* MilestoneViewController.m */,
				A82EB2D72107E0B000079B53 /* ReviewViewController.h */,
				A82EB2D82107E0B000079B53 /* ReviewViewController.m */,
			);
			path = "Appointments Tab";
			sourceTree = "<group>";
		};
		C0F1018B21016327009ADA47 /* Profile Tab */ = {
			isa = PBXGroup;
			children = (
				C002266C20FE5B70007D359B /* ProfileViewController.h */,
				C002266D20FE5B70007D359B /* ProfileViewController.m */,
				B2AB7A6A21027EB100625FEE /* EditProfileViewController.h */,
				B2AB7A6B21027EB100625FEE /* EditProfileViewController.m */,
				B22101E721123D0C00D2E59F /* EditInterestsViewController.h */,
				B22101E821123D0C00D2E59F /* EditInterestsViewController.m */,
			);
			path = "Profile Tab";
			sourceTree = "<group>";
		};
		C0F1018C21016335009ADA47 /* Opening */ = {
			isa = PBXGroup;
			children = (
				C03D899D20F7CA9900342B39 /* LoginViewController.h */,
				C03D899E20F7CA9900342B39 /* LoginViewController.m */,
				C03D89A320F7CE3D00342B39 /* SignUpViewController.h */,
				C03D89A420F7CE3D00342B39 /* SignUpViewController.m */,
			);
			path = Opening;
			sourceTree = "<group>";
		};
		C0F1018F2101648A009ADA47 /* DiscoverTab */ = {
			isa = PBXGroup;
			children = (
				A8011C84210141910028E604 /* DiscoverTableViewStoryboard.storyboard */,
				A8011C822101415C0028E604 /* Filters.storyboard */,
				C0F1018D2101647F009ADA47 /* MentorDetailsStoryboard.storyboard */,
				A8011C86210167040028E604 /* CreateAppointment.storyboard */,
				B289557C211B6CAA00F0EC11 /* Notifications.storyboard */,
			);
			path = DiscoverTab;
			sourceTree = "<group>";
		};
		C0F101902101648F009ADA47 /* AppointmentsTab */ = {
			isa = PBXGroup;
			children = (
				C002266820FE5A11007D359B /* AppointmentsViewController.storyboard */,
				C0F101712100FF46009ADA47 /* AppointmentDetailsViewController.storyboard */,
				A87C16D02113F7BE001AC0B5 /* Milestone.storyboard */,
				A82EB2D52107DDA600079B53 /* Review.storyboard */,
			);
			path = AppointmentsTab;
			sourceTree = "<group>";
		};
		C0F1019121016496009ADA47 /* ProfileTab */ = {
			isa = PBXGroup;
			children = (
				C002266A20FE5A2C007D359B /* ProfileViewControllerStoryboard.storyboard */,
				B2AB7A68210272D100625FEE /* EditProfileViewControllerStoryboard.storyboard */,
				B2F0FBD8211239F00054CA73 /* EditInterests.storyboard */,
			);
			path = ProfileTab;
			sourceTree = "<group>";
		};
		C0F1047B211B88CF00AEA624 /* Collection View Cells */ = {
			isa = PBXGroup;
			children = (
				C0989BB4211A5286006358EE /* AdviceCollectionViewCell.h */,
				C0989BB5211A5286006358EE /* AdviceCollectionViewCell.m */,
				A87C16CD21136F87001AC0B5 /* ComplimentsCell.h */,
				A87C16CE21136F87001AC0B5 /* ComplimentsCell.m */,
				A8A28C0A211A0C66009EA5EB /* MentorMilestoneCell.h */,
				A8A28C0B211A0C66009EA5EB /* MentorMilestoneCell.m */,
				C05607FC211B57F700E6688E /* GetAdviceCollectionViewCell.h */,
				C05607FD211B57F700E6688E /* GetAdviceCollectionViewCell.m */,
				C05607FF211B580100E6688E /* GiveAdviceCollectionViewCell.h */,
				C0560800211B580100E6688E /* GiveAdviceCollectionViewCell.m */,
			);
			path = "Collection View Cells";
			sourceTree = "<group>";
		};
		C0F1047C211B88E000AEA624 /* Table View Cells */ = {
			isa = PBXGroup;
			children = (
				A87C16DB211413BD001AC0B5 /* AddCell.h */,
				A87C16DC211413BD001AC0B5 /* AddCell.m */,
				C05743DC20FFBB1E00A6F529 /* AppointmentCell.h */,
				C05743DD20FFBB1E00A6F529 /* AppointmentCell.m */,
				B276C25D210931D70052CB3F /* AutocompleteTableViewCell.h */,
				B276C25E210931D70052CB3F /* AutocompleteTableViewCell.m */,
				A82A495820FFAF8200DC129F /* DiscoverCell.h */,
				A82A495920FFAF8200DC129F /* DiscoverCell.m */,
				A87C16D821140998001AC0B5 /* MilestoneCell.h */,
				A87C16D921140998001AC0B5 /* MilestoneCell.m */,
			);
			path = "Table View Cells";
			sourceTree = "<group>";
		};
		F09E48C407B6C9533FF8AEA0 /* Pods */ = {
			isa = PBXGroup;
			children = (
				3D959AD740970DE50263A7EF /* Pods-MentorMe.debug.xcconfig */,
				9BFB1FC76E501007979CC5A1 /* Pods-MentorMe.release.xcconfig */,
				2A0F31EB3C37DFDA797EF18C /* Pods-MentorMeTests.debug.xcconfig */,
				5E8695638031164B8B3EA787 /* Pods-MentorMeTests.release.xcconfig */,
				644A9C9A2B69BAA56AAD9E66 /* Pods-MentorMeUITests.debug.xcconfig */,
				14FFF7CCDA154F8B2460B8B7 /* Pods-MentorMeUITests.release.xcconfig */,
			);
			name = Pods;
			sourceTree = "<group>";
		};
/* End PBXGroup section */

/* Begin PBXNativeTarget section */
		A88312F720F28D5C00363E48 /* MentorMe */ = {
			isa = PBXNativeTarget;
			buildConfigurationList = A883132420F28D5F00363E48 /* Build configuration list for PBXNativeTarget "MentorMe" */;
			buildPhases = (
				9722B5F09036DD60F658565B /* [CP] Check Pods Manifest.lock */,
				A88312F420F28D5C00363E48 /* Sources */,
				A88312F520F28D5C00363E48 /* Frameworks */,
				A88312F620F28D5C00363E48 /* Resources */,
				94343EAFC5BE7EC7BA8B77A5 /* [CP] Copy Pods Resources */,
			);
			buildRules = (
			);
			dependencies = (
			);
			name = MentorMe;
			productName = MentorMe;
			productReference = A88312F820F28D5C00363E48 /* MentorMe.app */;
			productType = "com.apple.product-type.application";
		};
		A883130F20F28D5F00363E48 /* MentorMeTests */ = {
			isa = PBXNativeTarget;
			buildConfigurationList = A883132720F28D5F00363E48 /* Build configuration list for PBXNativeTarget "MentorMeTests" */;
			buildPhases = (
				21427D440587FD2B4877FD48 /* [CP] Check Pods Manifest.lock */,
				A883130C20F28D5F00363E48 /* Sources */,
				A883130D20F28D5F00363E48 /* Frameworks */,
				A883130E20F28D5F00363E48 /* Resources */,
			);
			buildRules = (
			);
			dependencies = (
				A883131220F28D5F00363E48 /* PBXTargetDependency */,
			);
			name = MentorMeTests;
			productName = MentorMeTests;
			productReference = A883131020F28D5F00363E48 /* MentorMeTests.xctest */;
			productType = "com.apple.product-type.bundle.unit-test";
		};
		A883131A20F28D5F00363E48 /* MentorMeUITests */ = {
			isa = PBXNativeTarget;
			buildConfigurationList = A883132A20F28D5F00363E48 /* Build configuration list for PBXNativeTarget "MentorMeUITests" */;
			buildPhases = (
				29A43A49ACC952A4F3443EA9 /* [CP] Check Pods Manifest.lock */,
				A883131720F28D5F00363E48 /* Sources */,
				A883131820F28D5F00363E48 /* Frameworks */,
				A883131920F28D5F00363E48 /* Resources */,
			);
			buildRules = (
			);
			dependencies = (
				A883131D20F28D5F00363E48 /* PBXTargetDependency */,
			);
			name = MentorMeUITests;
			productName = MentorMeUITests;
			productReference = A883131B20F28D5F00363E48 /* MentorMeUITests.xctest */;
			productType = "com.apple.product-type.bundle.ui-testing";
		};
/* End PBXNativeTarget section */

/* Begin PBXProject section */
		A88312F020F28D5C00363E48 /* Project object */ = {
			isa = PBXProject;
			attributes = {
				LastUpgradeCheck = 0940;
				ORGANIZATIONNAME = "Taylor Murray";
				TargetAttributes = {
					A88312F720F28D5C00363E48 = {
						CreatedOnToolsVersion = 9.4.1;
					};
					A883130F20F28D5F00363E48 = {
						CreatedOnToolsVersion = 9.4.1;
						TestTargetID = A88312F720F28D5C00363E48;
					};
					A883131A20F28D5F00363E48 = {
						CreatedOnToolsVersion = 9.4.1;
						TestTargetID = A88312F720F28D5C00363E48;
					};
				};
			};
			buildConfigurationList = A88312F320F28D5C00363E48 /* Build configuration list for PBXProject "MentorMe" */;
			compatibilityVersion = "Xcode 9.3";
			developmentRegion = en;
			hasScannedForEncodings = 0;
			knownRegions = (
				en,
				Base,
			);
			mainGroup = A88312EF20F28D5C00363E48;
			productRefGroup = A88312F920F28D5C00363E48 /* Products */;
			projectDirPath = "";
			projectRoot = "";
			targets = (
				A88312F720F28D5C00363E48 /* MentorMe */,
				A883130F20F28D5F00363E48 /* MentorMeTests */,
				A883131A20F28D5F00363E48 /* MentorMeUITests */,
			);
		};
/* End PBXProject section */

/* Begin PBXResourcesBuildPhase section */
		A88312F620F28D5C00363E48 /* Resources */ = {
			isa = PBXResourcesBuildPhase;
			buildActionMask = 2147483647;
			files = (
				B2F0FBD9211239F00054CA73 /* EditInterests.storyboard in Resources */,
				C002267220FE64FD007D359B /* Main.storyboard in Resources */,
				A883130820F28D5F00363E48 /* LaunchScreen.storyboard in Resources */,
				A8011C85210141910028E604 /* DiscoverTableViewStoryboard.storyboard in Resources */,
				A883130520F28D5F00363E48 /* Assets.xcassets in Resources */,
				C002266920FE5A11007D359B /* AppointmentsViewController.storyboard in Resources */,
				C002267020FE63BA007D359B /* SignUpViewController.storyboard in Resources */,
				A82EB2D62107DDA600079B53 /* Review.storyboard in Resources */,
				B2AB7A69210272D100625FEE /* EditProfileViewControllerStoryboard.storyboard in Resources */,
				C002266B20FE5A2C007D359B /* ProfileViewControllerStoryboard.storyboard in Resources */,
				B289557D211B6CAA00F0EC11 /* Notifications.storyboard in Resources */,
				A883130320F28D5C00363E48 /* TabBarViewControllerStoryboard.storyboard in Resources */,
				A87C16D12113F7BE001AC0B5 /* Milestone.storyboard in Resources */,
				A8011C832101415C0028E604 /* Filters.storyboard in Resources */,
				C0F1018E2101647F009ADA47 /* MentorDetailsStoryboard.storyboard in Resources */,
				A8011C87210167040028E604 /* CreateAppointment.storyboard in Resources */,
				C0F101722100FF46009ADA47 /* AppointmentDetailsViewController.storyboard in Resources */,
			);
			runOnlyForDeploymentPostprocessing = 0;
		};
		A883130E20F28D5F00363E48 /* Resources */ = {
			isa = PBXResourcesBuildPhase;
			buildActionMask = 2147483647;
			files = (
			);
			runOnlyForDeploymentPostprocessing = 0;
		};
		A883131920F28D5F00363E48 /* Resources */ = {
			isa = PBXResourcesBuildPhase;
			buildActionMask = 2147483647;
			files = (
			);
			runOnlyForDeploymentPostprocessing = 0;
		};
/* End PBXResourcesBuildPhase section */

/* Begin PBXShellScriptBuildPhase section */
		21427D440587FD2B4877FD48 /* [CP] Check Pods Manifest.lock */ = {
			isa = PBXShellScriptBuildPhase;
			buildActionMask = 2147483647;
			files = (
			);
			inputPaths = (
				"${PODS_PODFILE_DIR_PATH}/Podfile.lock",
				"${PODS_ROOT}/Manifest.lock",
			);
			name = "[CP] Check Pods Manifest.lock";
			outputPaths = (
				"$(DERIVED_FILE_DIR)/Pods-MentorMeTests-checkManifestLockResult.txt",
			);
			runOnlyForDeploymentPostprocessing = 0;
			shellPath = /bin/sh;
			shellScript = "diff \"${PODS_PODFILE_DIR_PATH}/Podfile.lock\" \"${PODS_ROOT}/Manifest.lock\" > /dev/null\nif [ $? != 0 ] ; then\n    # print error to STDERR\n    echo \"error: The sandbox is not in sync with the Podfile.lock. Run 'pod install' or update your CocoaPods installation.\" >&2\n    exit 1\nfi\n# This output is used by Xcode 'outputs' to avoid re-running this script phase.\necho \"SUCCESS\" > \"${SCRIPT_OUTPUT_FILE_0}\"\n";
			showEnvVarsInLog = 0;
		};
		29A43A49ACC952A4F3443EA9 /* [CP] Check Pods Manifest.lock */ = {
			isa = PBXShellScriptBuildPhase;
			buildActionMask = 2147483647;
			files = (
			);
			inputPaths = (
				"${PODS_PODFILE_DIR_PATH}/Podfile.lock",
				"${PODS_ROOT}/Manifest.lock",
			);
			name = "[CP] Check Pods Manifest.lock";
			outputPaths = (
				"$(DERIVED_FILE_DIR)/Pods-MentorMeUITests-checkManifestLockResult.txt",
			);
			runOnlyForDeploymentPostprocessing = 0;
			shellPath = /bin/sh;
			shellScript = "diff \"${PODS_PODFILE_DIR_PATH}/Podfile.lock\" \"${PODS_ROOT}/Manifest.lock\" > /dev/null\nif [ $? != 0 ] ; then\n    # print error to STDERR\n    echo \"error: The sandbox is not in sync with the Podfile.lock. Run 'pod install' or update your CocoaPods installation.\" >&2\n    exit 1\nfi\n# This output is used by Xcode 'outputs' to avoid re-running this script phase.\necho \"SUCCESS\" > \"${SCRIPT_OUTPUT_FILE_0}\"\n";
			showEnvVarsInLog = 0;
		};
		94343EAFC5BE7EC7BA8B77A5 /* [CP] Copy Pods Resources */ = {
			isa = PBXShellScriptBuildPhase;
			buildActionMask = 2147483647;
			files = (
			);
			inputPaths = (
				"${SRCROOT}/Pods/Target Support Files/Pods-MentorMe/Pods-MentorMe-resources.sh",
				"${PODS_ROOT}/DateTools/DateTools/DateTools/DateTools.bundle",
				"${PODS_CONFIGURATION_BUILD_DIR}/Parse/Parse.bundle",
				"${PODS_ROOT}/ParseUI/ParseUI/Resources/Localization/en.lproj",
				"${PODS_ROOT}/ParseUI/ParseUI/Resources/Localization/fr.lproj",
				"${PODS_ROOT}/ParseUI/ParseUI/Resources/Localization/pt-BR.lproj",
			);
			name = "[CP] Copy Pods Resources";
			outputPaths = (
				"${TARGET_BUILD_DIR}/${UNLOCALIZED_RESOURCES_FOLDER_PATH}/DateTools.bundle",
				"${TARGET_BUILD_DIR}/${UNLOCALIZED_RESOURCES_FOLDER_PATH}/Parse.bundle",
				"${TARGET_BUILD_DIR}/${UNLOCALIZED_RESOURCES_FOLDER_PATH}/en.lproj",
				"${TARGET_BUILD_DIR}/${UNLOCALIZED_RESOURCES_FOLDER_PATH}/fr.lproj",
				"${TARGET_BUILD_DIR}/${UNLOCALIZED_RESOURCES_FOLDER_PATH}/pt-BR.lproj",
			);
			runOnlyForDeploymentPostprocessing = 0;
			shellPath = /bin/sh;
			shellScript = "\"${SRCROOT}/Pods/Target Support Files/Pods-MentorMe/Pods-MentorMe-resources.sh\"\n";
			showEnvVarsInLog = 0;
		};
		9722B5F09036DD60F658565B /* [CP] Check Pods Manifest.lock */ = {
			isa = PBXShellScriptBuildPhase;
			buildActionMask = 2147483647;
			files = (
			);
			inputPaths = (
				"${PODS_PODFILE_DIR_PATH}/Podfile.lock",
				"${PODS_ROOT}/Manifest.lock",
			);
			name = "[CP] Check Pods Manifest.lock";
			outputPaths = (
				"$(DERIVED_FILE_DIR)/Pods-MentorMe-checkManifestLockResult.txt",
			);
			runOnlyForDeploymentPostprocessing = 0;
			shellPath = /bin/sh;
			shellScript = "diff \"${PODS_PODFILE_DIR_PATH}/Podfile.lock\" \"${PODS_ROOT}/Manifest.lock\" > /dev/null\nif [ $? != 0 ] ; then\n    # print error to STDERR\n    echo \"error: The sandbox is not in sync with the Podfile.lock. Run 'pod install' or update your CocoaPods installation.\" >&2\n    exit 1\nfi\n# This output is used by Xcode 'outputs' to avoid re-running this script phase.\necho \"SUCCESS\" > \"${SCRIPT_OUTPUT_FILE_0}\"\n";
			showEnvVarsInLog = 0;
		};
/* End PBXShellScriptBuildPhase section */

/* Begin PBXSourcesBuildPhase section */
		A88312F420F28D5C00363E48 /* Sources */ = {
			isa = PBXSourcesBuildPhase;
			buildActionMask = 2147483647;
			files = (
				C0F101782101059B009ADA47 /* AppointmentsViewController.m in Sources */,
				B28955D6211CB7F500F0EC11 /* Notifications.m in Sources */,
				A883130B20F28D5F00363E48 /* main.m in Sources */,
				A8A28C022117B50E009EA5EB /* Milestone.m in Sources */,
				A8011C7E21013F610028E604 /* DiscoverTableViewController.m in Sources */,
				A82EB2D421067A5000079B53 /* LocationApiManager.m in Sources */,
				A83DEAD9210FC21A002799DC /* Review.m in Sources */,
				C05743DE20FFBB1E00A6F529 /* AppointmentCell.m in Sources */,
				C05607FE211B57F700E6688E /* GetAdviceCollectionViewCell.m in Sources */,
				A8011C812101408C0028E604 /* FilterViewController.m in Sources */,
				B2AB7A6C21027EB100625FEE /* EditProfileViewController.m in Sources */,
				A82A495A20FFAF8200DC129F /* DiscoverCell.m in Sources */,
				A87C16D721140365001AC0B5 /* MilestoneTableView.m in Sources */,
				A82A494F20FFA5C800DC129F /* InterestModel.m in Sources */,
				B22101E921123D0C00D2E59F /* EditInterestsViewController.m in Sources */,
				B2895586211BC82200F0EC11 /* InviteDetailsView.m in Sources */,
				A82A494C20FFA5B800DC129F /* AppointmentModel.m in Sources */,
				A87C16D42113F7E5001AC0B5 /* MilestoneViewController.m in Sources */,
				A8A28C0F211A130E009EA5EB /* ProfileDataDelegate.m in Sources */,
				B2895580211B789E00F0EC11 /* NotificationsViewController.m in Sources */,
				C0F101752100FF9F009ADA47 /* AppointmentDetailsViewController.m in Sources */,
				A88312FD20F28D5C00363E48 /* AppDelegate.m in Sources */,
				A87C16CF21136F87001AC0B5 /* ComplimentsCell.m in Sources */,
				A8011C8A2101691B0028E604 /* CreateAppointmentViewController.m in Sources */,
				A82A494920FFA3FE00DC129F /* PFUser+ExtendedUser.m in Sources */,
				A8A28C05211904E5009EA5EB /* ReviewDataDelegate.m in Sources */,
				B2895583211BA78500F0EC11 /* NotificationsTableViewCell.m in Sources */,
				A87C16DD211413BD001AC0B5 /* AddCell.m in Sources */,
				C002266E20FE5B70007D359B /* ProfileViewController.m in Sources */,
				C03D89A520F7CE3D00342B39 /* SignUpViewController.m in Sources */,
				C03D899F20F7CA9900342B39 /* LoginViewController.m in Sources */,
				C0F10188210162F1009ADA47 /* MentorDetailsViewController.m in Sources */,
				A8A28C0C211A0C66009EA5EB /* MentorMilestoneCell.m in Sources */,
				A82EB2DC2107E43A00079B53 /* RateView.m in Sources */,
				C0560801211B580100E6688E /* GiveAdviceCollectionViewCell.m in Sources */,
				A87C16DA21140998001AC0B5 /* MilestoneCell.m in Sources */,
				B276C25F210931D70052CB3F /* AutocompleteTableViewCell.m in Sources */,
				C0989BB6211A5286006358EE /* AdviceCollectionViewCell.m in Sources */,
				A82EB2D92107E0B000079B53 /* ReviewViewController.m in Sources */,
			);
			runOnlyForDeploymentPostprocessing = 0;
		};
		A883130C20F28D5F00363E48 /* Sources */ = {
			isa = PBXSourcesBuildPhase;
			buildActionMask = 2147483647;
			files = (
				A883131520F28D5F00363E48 /* MentorMeTests.m in Sources */,
			);
			runOnlyForDeploymentPostprocessing = 0;
		};
		A883131720F28D5F00363E48 /* Sources */ = {
			isa = PBXSourcesBuildPhase;
			buildActionMask = 2147483647;
			files = (
				A883132020F28D5F00363E48 /* MentorMeUITests.m in Sources */,
			);
			runOnlyForDeploymentPostprocessing = 0;
		};
/* End PBXSourcesBuildPhase section */

/* Begin PBXTargetDependency section */
		A883131220F28D5F00363E48 /* PBXTargetDependency */ = {
			isa = PBXTargetDependency;
			target = A88312F720F28D5C00363E48 /* MentorMe */;
			targetProxy = A883131120F28D5F00363E48 /* PBXContainerItemProxy */;
		};
		A883131D20F28D5F00363E48 /* PBXTargetDependency */ = {
			isa = PBXTargetDependency;
			target = A88312F720F28D5C00363E48 /* MentorMe */;
			targetProxy = A883131C20F28D5F00363E48 /* PBXContainerItemProxy */;
		};
/* End PBXTargetDependency section */

/* Begin PBXVariantGroup section */
		A883130120F28D5C00363E48 /* TabBarViewControllerStoryboard.storyboard */ = {
			isa = PBXVariantGroup;
			children = (
				A883130220F28D5C00363E48 /* Base */,
			);
			name = TabBarViewControllerStoryboard.storyboard;
			sourceTree = "<group>";
		};
		A883130620F28D5F00363E48 /* LaunchScreen.storyboard */ = {
			isa = PBXVariantGroup;
			children = (
				A883130720F28D5F00363E48 /* Base */,
			);
			name = LaunchScreen.storyboard;
			sourceTree = "<group>";
		};
/* End PBXVariantGroup section */

/* Begin XCBuildConfiguration section */
		A883132220F28D5F00363E48 /* Debug */ = {
			isa = XCBuildConfiguration;
			buildSettings = {
				ALWAYS_SEARCH_USER_PATHS = NO;
				CLANG_ANALYZER_NONNULL = YES;
				CLANG_ANALYZER_NUMBER_OBJECT_CONVERSION = YES_AGGRESSIVE;
				CLANG_CXX_LANGUAGE_STANDARD = "gnu++14";
				CLANG_CXX_LIBRARY = "libc++";
				CLANG_ENABLE_MODULES = YES;
				CLANG_ENABLE_OBJC_ARC = YES;
				CLANG_ENABLE_OBJC_WEAK = YES;
				CLANG_WARN_BLOCK_CAPTURE_AUTORELEASING = YES;
				CLANG_WARN_BOOL_CONVERSION = YES;
				CLANG_WARN_COMMA = YES;
				CLANG_WARN_CONSTANT_CONVERSION = YES;
				CLANG_WARN_DEPRECATED_OBJC_IMPLEMENTATIONS = YES;
				CLANG_WARN_DIRECT_OBJC_ISA_USAGE = YES_ERROR;
				CLANG_WARN_DOCUMENTATION_COMMENTS = YES;
				CLANG_WARN_EMPTY_BODY = YES;
				CLANG_WARN_ENUM_CONVERSION = YES;
				CLANG_WARN_INFINITE_RECURSION = YES;
				CLANG_WARN_INT_CONVERSION = YES;
				CLANG_WARN_NON_LITERAL_NULL_CONVERSION = YES;
				CLANG_WARN_OBJC_IMPLICIT_RETAIN_SELF = YES;
				CLANG_WARN_OBJC_LITERAL_CONVERSION = YES;
				CLANG_WARN_OBJC_ROOT_CLASS = YES_ERROR;
				CLANG_WARN_RANGE_LOOP_ANALYSIS = YES;
				CLANG_WARN_STRICT_PROTOTYPES = YES;
				CLANG_WARN_SUSPICIOUS_MOVE = YES;
				CLANG_WARN_UNGUARDED_AVAILABILITY = YES_AGGRESSIVE;
				CLANG_WARN_UNREACHABLE_CODE = YES;
				CLANG_WARN__DUPLICATE_METHOD_MATCH = YES;
				CODE_SIGN_IDENTITY = "iPhone Developer";
				COPY_PHASE_STRIP = NO;
				DEBUG_INFORMATION_FORMAT = dwarf;
				ENABLE_STRICT_OBJC_MSGSEND = YES;
				ENABLE_TESTABILITY = YES;
				GCC_C_LANGUAGE_STANDARD = gnu11;
				GCC_DYNAMIC_NO_PIC = NO;
				GCC_NO_COMMON_BLOCKS = YES;
				GCC_OPTIMIZATION_LEVEL = 0;
				GCC_PREPROCESSOR_DEFINITIONS = (
					"DEBUG=1",
					"$(inherited)",
				);
				GCC_WARN_64_TO_32_BIT_CONVERSION = YES;
				GCC_WARN_ABOUT_RETURN_TYPE = YES_ERROR;
				GCC_WARN_UNDECLARED_SELECTOR = YES;
				GCC_WARN_UNINITIALIZED_AUTOS = YES_AGGRESSIVE;
				GCC_WARN_UNUSED_FUNCTION = YES;
				GCC_WARN_UNUSED_VARIABLE = YES;
				IPHONEOS_DEPLOYMENT_TARGET = 11.4;
				MTL_ENABLE_DEBUG_INFO = YES;
				ONLY_ACTIVE_ARCH = YES;
				SDKROOT = iphoneos;
			};
			name = Debug;
		};
		A883132320F28D5F00363E48 /* Release */ = {
			isa = XCBuildConfiguration;
			buildSettings = {
				ALWAYS_SEARCH_USER_PATHS = NO;
				CLANG_ANALYZER_NONNULL = YES;
				CLANG_ANALYZER_NUMBER_OBJECT_CONVERSION = YES_AGGRESSIVE;
				CLANG_CXX_LANGUAGE_STANDARD = "gnu++14";
				CLANG_CXX_LIBRARY = "libc++";
				CLANG_ENABLE_MODULES = YES;
				CLANG_ENABLE_OBJC_ARC = YES;
				CLANG_ENABLE_OBJC_WEAK = YES;
				CLANG_WARN_BLOCK_CAPTURE_AUTORELEASING = YES;
				CLANG_WARN_BOOL_CONVERSION = YES;
				CLANG_WARN_COMMA = YES;
				CLANG_WARN_CONSTANT_CONVERSION = YES;
				CLANG_WARN_DEPRECATED_OBJC_IMPLEMENTATIONS = YES;
				CLANG_WARN_DIRECT_OBJC_ISA_USAGE = YES_ERROR;
				CLANG_WARN_DOCUMENTATION_COMMENTS = YES;
				CLANG_WARN_EMPTY_BODY = YES;
				CLANG_WARN_ENUM_CONVERSION = YES;
				CLANG_WARN_INFINITE_RECURSION = YES;
				CLANG_WARN_INT_CONVERSION = YES;
				CLANG_WARN_NON_LITERAL_NULL_CONVERSION = YES;
				CLANG_WARN_OBJC_IMPLICIT_RETAIN_SELF = YES;
				CLANG_WARN_OBJC_LITERAL_CONVERSION = YES;
				CLANG_WARN_OBJC_ROOT_CLASS = YES_ERROR;
				CLANG_WARN_RANGE_LOOP_ANALYSIS = YES;
				CLANG_WARN_STRICT_PROTOTYPES = YES;
				CLANG_WARN_SUSPICIOUS_MOVE = YES;
				CLANG_WARN_UNGUARDED_AVAILABILITY = YES_AGGRESSIVE;
				CLANG_WARN_UNREACHABLE_CODE = YES;
				CLANG_WARN__DUPLICATE_METHOD_MATCH = YES;
				CODE_SIGN_IDENTITY = "iPhone Developer";
				COPY_PHASE_STRIP = NO;
				DEBUG_INFORMATION_FORMAT = "dwarf-with-dsym";
				ENABLE_NS_ASSERTIONS = NO;
				ENABLE_STRICT_OBJC_MSGSEND = YES;
				GCC_C_LANGUAGE_STANDARD = gnu11;
				GCC_NO_COMMON_BLOCKS = YES;
				GCC_WARN_64_TO_32_BIT_CONVERSION = YES;
				GCC_WARN_ABOUT_RETURN_TYPE = YES_ERROR;
				GCC_WARN_UNDECLARED_SELECTOR = YES;
				GCC_WARN_UNINITIALIZED_AUTOS = YES_AGGRESSIVE;
				GCC_WARN_UNUSED_FUNCTION = YES;
				GCC_WARN_UNUSED_VARIABLE = YES;
				IPHONEOS_DEPLOYMENT_TARGET = 11.4;
				MTL_ENABLE_DEBUG_INFO = NO;
				SDKROOT = iphoneos;
				VALIDATE_PRODUCT = YES;
			};
			name = Release;
		};
		A883132520F28D5F00363E48 /* Debug */ = {
			isa = XCBuildConfiguration;
			baseConfigurationReference = 3D959AD740970DE50263A7EF /* Pods-MentorMe.debug.xcconfig */;
			buildSettings = {
				ASSETCATALOG_COMPILER_APPICON_NAME = AppIcon;
				CODE_SIGN_STYLE = Automatic;
				DEVELOPMENT_TEAM = NXM4VG8NUH;
				INFOPLIST_FILE = MentorMe/Info.plist;
				LD_RUNPATH_SEARCH_PATHS = (
					"$(inherited)",
					"@executable_path/Frameworks",
				);
				PRODUCT_BUNDLE_IDENTIFIER = com.nsask.Meta;
				PRODUCT_NAME = "$(TARGET_NAME)";
				TARGETED_DEVICE_FAMILY = "1,2";
			};
			name = Debug;
		};
		A883132620F28D5F00363E48 /* Release */ = {
			isa = XCBuildConfiguration;
			baseConfigurationReference = 9BFB1FC76E501007979CC5A1 /* Pods-MentorMe.release.xcconfig */;
			buildSettings = {
				ASSETCATALOG_COMPILER_APPICON_NAME = AppIcon;
				CODE_SIGN_STYLE = Automatic;
				DEVELOPMENT_TEAM = NXM4VG8NUH;
				INFOPLIST_FILE = MentorMe/Info.plist;
				LD_RUNPATH_SEARCH_PATHS = (
					"$(inherited)",
					"@executable_path/Frameworks",
				);
				PRODUCT_BUNDLE_IDENTIFIER = com.nsask.Meta;
				PRODUCT_NAME = "$(TARGET_NAME)";
				TARGETED_DEVICE_FAMILY = "1,2";
			};
			name = Release;
		};
		A883132820F28D5F00363E48 /* Debug */ = {
			isa = XCBuildConfiguration;
			baseConfigurationReference = 2A0F31EB3C37DFDA797EF18C /* Pods-MentorMeTests.debug.xcconfig */;
			buildSettings = {
				BUNDLE_LOADER = "$(TEST_HOST)";
				CODE_SIGN_STYLE = Automatic;
				DEVELOPMENT_TEAM = 7BPY3ZP4FA;
				INFOPLIST_FILE = MentorMeTests/Info.plist;
				LD_RUNPATH_SEARCH_PATHS = (
					"$(inherited)",
					"@executable_path/Frameworks",
					"@loader_path/Frameworks",
				);
				PRODUCT_BUNDLE_IDENTIFIER = com.murrayt9.MentorMeTests;
				PRODUCT_NAME = "$(TARGET_NAME)";
				TARGETED_DEVICE_FAMILY = "1,2";
				TEST_HOST = "$(BUILT_PRODUCTS_DIR)/MentorMe.app/MentorMe";
			};
			name = Debug;
		};
		A883132920F28D5F00363E48 /* Release */ = {
			isa = XCBuildConfiguration;
			baseConfigurationReference = 5E8695638031164B8B3EA787 /* Pods-MentorMeTests.release.xcconfig */;
			buildSettings = {
				BUNDLE_LOADER = "$(TEST_HOST)";
				CODE_SIGN_STYLE = Automatic;
				DEVELOPMENT_TEAM = 7BPY3ZP4FA;
				INFOPLIST_FILE = MentorMeTests/Info.plist;
				LD_RUNPATH_SEARCH_PATHS = (
					"$(inherited)",
					"@executable_path/Frameworks",
					"@loader_path/Frameworks",
				);
				PRODUCT_BUNDLE_IDENTIFIER = com.murrayt9.MentorMeTests;
				PRODUCT_NAME = "$(TARGET_NAME)";
				TARGETED_DEVICE_FAMILY = "1,2";
				TEST_HOST = "$(BUILT_PRODUCTS_DIR)/MentorMe.app/MentorMe";
			};
			name = Release;
		};
		A883132B20F28D5F00363E48 /* Debug */ = {
			isa = XCBuildConfiguration;
			baseConfigurationReference = 644A9C9A2B69BAA56AAD9E66 /* Pods-MentorMeUITests.debug.xcconfig */;
			buildSettings = {
				CODE_SIGN_STYLE = Automatic;
				DEVELOPMENT_TEAM = 7BPY3ZP4FA;
				INFOPLIST_FILE = MentorMeUITests/Info.plist;
				LD_RUNPATH_SEARCH_PATHS = (
					"$(inherited)",
					"@executable_path/Frameworks",
					"@loader_path/Frameworks",
				);
				PRODUCT_BUNDLE_IDENTIFIER = com.murrayt9.MentorMeUITests;
				PRODUCT_NAME = "$(TARGET_NAME)";
				TARGETED_DEVICE_FAMILY = "1,2";
				TEST_TARGET_NAME = MentorMe;
			};
			name = Debug;
		};
		A883132C20F28D5F00363E48 /* Release */ = {
			isa = XCBuildConfiguration;
			baseConfigurationReference = 14FFF7CCDA154F8B2460B8B7 /* Pods-MentorMeUITests.release.xcconfig */;
			buildSettings = {
				CODE_SIGN_STYLE = Automatic;
				DEVELOPMENT_TEAM = 7BPY3ZP4FA;
				INFOPLIST_FILE = MentorMeUITests/Info.plist;
				LD_RUNPATH_SEARCH_PATHS = (
					"$(inherited)",
					"@executable_path/Frameworks",
					"@loader_path/Frameworks",
				);
				PRODUCT_BUNDLE_IDENTIFIER = com.murrayt9.MentorMeUITests;
				PRODUCT_NAME = "$(TARGET_NAME)";
				TARGETED_DEVICE_FAMILY = "1,2";
				TEST_TARGET_NAME = MentorMe;
			};
			name = Release;
		};
/* End XCBuildConfiguration section */

/* Begin XCConfigurationList section */
		A88312F320F28D5C00363E48 /* Build configuration list for PBXProject "MentorMe" */ = {
			isa = XCConfigurationList;
			buildConfigurations = (
				A883132220F28D5F00363E48 /* Debug */,
				A883132320F28D5F00363E48 /* Release */,
			);
			defaultConfigurationIsVisible = 0;
			defaultConfigurationName = Release;
		};
		A883132420F28D5F00363E48 /* Build configuration list for PBXNativeTarget "MentorMe" */ = {
			isa = XCConfigurationList;
			buildConfigurations = (
				A883132520F28D5F00363E48 /* Debug */,
				A883132620F28D5F00363E48 /* Release */,
			);
			defaultConfigurationIsVisible = 0;
			defaultConfigurationName = Release;
		};
		A883132720F28D5F00363E48 /* Build configuration list for PBXNativeTarget "MentorMeTests" */ = {
			isa = XCConfigurationList;
			buildConfigurations = (
				A883132820F28D5F00363E48 /* Debug */,
				A883132920F28D5F00363E48 /* Release */,
			);
			defaultConfigurationIsVisible = 0;
			defaultConfigurationName = Release;
		};
		A883132A20F28D5F00363E48 /* Build configuration list for PBXNativeTarget "MentorMeUITests" */ = {
			isa = XCConfigurationList;
			buildConfigurations = (
				A883132B20F28D5F00363E48 /* Debug */,
				A883132C20F28D5F00363E48 /* Release */,
			);
			defaultConfigurationIsVisible = 0;
			defaultConfigurationName = Release;
		};
/* End XCConfigurationList section */
	};
	rootObject = A88312F020F28D5C00363E48 /* Project object */;
}
